
Microsoft Visual Studio Solution File, Format Version 12.00
# Visual Studio Version 16
VisualStudioVersion = 16.0.31005.135
MinimumVisualStudioVersion = 10.0.40219.1
Project("{FAE04EC0-301F-11D3-BF4B-00C04F79EFBC}") = "RestWithASPNETUdemy", "RestWithASPNETUdemy\RestWithASPNETUdemy.csproj", "{6FDBB593-AD38-49CC-8740-600A3FBD4DBA}"
EndProject
Global
	GlobalSection(SolutionConfigurationPlatforms) = preSolution
		Debug|Any CPU = Debug|Any CPU
		Release|Any CPU = Release|Any CPU
	EndGlobalSection
	GlobalSection(ProjectConfigurationPlatforms) = postSolution
		{6FDBB593-AD38-49CC-8740-600A3FBD4DBA}.Debug|Any CPU.ActiveCfg = Debug|Any CPU
		{6FDBB593-AD38-49CC-8740-600A3FBD4DBA}.Debug|Any CPU.Build.0 = Debug|Any CPU
		{6FDBB593-AD38-49CC-8740-600A3FBD4DBA}.Release|Any CPU.ActiveCfg = Release|Any CPU
		{6FDBB593-AD38-49CC-8740-600A3FBD4DBA}.Release|Any CPU.Build.0 = Release|Any CPU
	EndGlobalSection
	GlobalSection(SolutionProperties) = preSolution
		HideSolutionNode = FALSE
	EndGlobalSection
	GlobalSection(ExtensibilityGlobals) = postSolution
		SolutionGuid = {2310B9A5-DCDD-46DC-A33A-B3954571E9BF}
	EndGlobalSection
EndGlobal
